
Microsoft Visual Studio Solution File, Format Version 12.00
# Blend for Visual Studio 15
VisualStudioVersion = 15.0.27004.2008
MinimumVisualStudioVersion = 10.0.40219.1
Project("{FAE04EC0-301F-11D3-BF4B-00C04F79EFBC}") = "Altkom.IGEXAO.MicroCAD.Models", "Altkom.IGEXAO.MicroCAD.Models\Altkom.IGEXAO.MicroCAD.Models.csproj", "{3C67A262-6C23-4AA9-B077-14BD6D466907}"
EndProject
Project("{FAE04EC0-301F-11D3-BF4B-00C04F79EFBC}") = "Altkom.IGEXAO.MicroCAD.IServices", "Altkom.IGEXAO.MicroCAD.IServices\Altkom.IGEXAO.MicroCAD.IServices.csproj", "{04284BC0-A585-43D6-9E3B-47DD749FE41D}"
EndProject
Project("{FAE04EC0-301F-11D3-BF4B-00C04F79EFBC}") = "Altkom.IGEXAO.MicroCAD.MockServices", "Altkom.IGEXAO.MicroCAD.MockServices\Altkom.IGEXAO.MicroCAD.MockServices.csproj", "{5DAB3AC5-4E96-446A-8CDF-60E90DE1E4DE}"
EndProject
Project("{FAE04EC0-301F-11D3-BF4B-00C04F79EFBC}") = "Altkom.IGEXAO.MicroCAD.ViewModels", "Altkom.IGEXAO.MicroCAD.ViewModels\Altkom.IGEXAO.MicroCAD.ViewModels.csproj", "{82A46010-4294-4C21-81F4-F7EE5E6F3851}"
EndProject
Project("{FAE04EC0-301F-11D3-BF4B-00C04F79EFBC}") = "Altkom.IGEXAO.MicroCAD.WPFClient", "Altkom.IGEXAO.MicroCAD.WPFClient\Altkom.IGEXAO.MicroCAD.WPFClient.csproj", "{466374A1-61AF-459A-A3A4-6D0E40C45EF8}"
EndProject
Project("{FAE04EC0-301F-11D3-BF4B-00C04F79EFBC}") = "Altkom.IGEXAO.MicroCAD.Common", "Altkom.IGEXAO.MicroCAD.Common\Altkom.IGEXAO.MicroCAD.Common.csproj", "{DD138148-063B-41AA-AA89-1E88729B390F}"
EndProject
Global
	GlobalSection(SolutionConfigurationPlatforms) = preSolution
		Debug|Any CPU = Debug|Any CPU
		Release|Any CPU = Release|Any CPU
	EndGlobalSection
	GlobalSection(ProjectConfigurationPlatforms) = postSolution
		{3C67A262-6C23-4AA9-B077-14BD6D466907}.Debug|Any CPU.ActiveCfg = Debug|Any CPU
		{3C67A262-6C23-4AA9-B077-14BD6D466907}.Debug|Any CPU.Build.0 = Debug|Any CPU
		{3C67A262-6C23-4AA9-B077-14BD6D466907}.Release|Any CPU.ActiveCfg = Release|Any CPU
		{3C67A262-6C23-4AA9-B077-14BD6D466907}.Release|Any CPU.Build.0 = Release|Any CPU
		{04284BC0-A585-43D6-9E3B-47DD749FE41D}.Debug|Any CPU.ActiveCfg = Debug|Any CPU
		{04284BC0-A585-43D6-9E3B-47DD749FE41D}.Debug|Any CPU.Build.0 = Debug|Any CPU
		{04284BC0-A585-43D6-9E3B-47DD749FE41D}.Release|Any CPU.ActiveCfg = Release|Any CPU
		{04284BC0-A585-43D6-9E3B-47DD749FE41D}.Release|Any CPU.Build.0 = Release|Any CPU
		{5DAB3AC5-4E96-446A-8CDF-60E90DE1E4DE}.Debug|Any CPU.ActiveCfg = Debug|Any CPU
		{5DAB3AC5-4E96-446A-8CDF-60E90DE1E4DE}.Debug|Any CPU.Build.0 = Debug|Any CPU
		{5DAB3AC5-4E96-446A-8CDF-60E90DE1E4DE}.Release|Any CPU.ActiveCfg = Release|Any CPU
		{5DAB3AC5-4E96-446A-8CDF-60E90DE1E4DE}.Release|Any CPU.Build.0 = Release|Any CPU
		{82A46010-4294-4C21-81F4-F7EE5E6F3851}.Debug|Any CPU.ActiveCfg = Debug|Any CPU
		{82A46010-4294-4C21-81F4-F7EE5E6F3851}.Debug|Any CPU.Build.0 = Debug|Any CPU
		{82A46010-4294-4C21-81F4-F7EE5E6F3851}.Release|Any CPU.ActiveCfg = Release|Any CPU
		{82A46010-4294-4C21-81F4-F7EE5E6F3851}.Release|Any CPU.Build.0 = Release|Any CPU
		{466374A1-61AF-459A-A3A4-6D0E40C45EF8}.Debug|Any CPU.ActiveCfg = Debug|Any CPU
		{466374A1-61AF-459A-A3A4-6D0E40C45EF8}.Debug|Any CPU.Build.0 = Debug|Any CPU
		{466374A1-61AF-459A-A3A4-6D0E40C45EF8}.Release|Any CPU.ActiveCfg = Release|Any CPU
		{466374A1-61AF-459A-A3A4-6D0E40C45EF8}.Release|Any CPU.Build.0 = Release|Any CPU
		{DD138148-063B-41AA-AA89-1E88729B390F}.Debug|Any CPU.ActiveCfg = Debug|Any CPU
		{DD138148-063B-41AA-AA89-1E88729B390F}.Debug|Any CPU.Build.0 = Debug|Any CPU
		{DD138148-063B-41AA-AA89-1E88729B390F}.Release|Any CPU.ActiveCfg = Release|Any CPU
		{DD138148-063B-41AA-AA89-1E88729B390F}.Release|Any CPU.Build.0 = Release|Any CPU
	EndGlobalSection
	GlobalSection(SolutionProperties) = preSolution
		HideSolutionNode = FALSE
	EndGlobalSection
	GlobalSection(ExtensibilityGlobals) = postSolution
		SolutionGuid = {20A38527-C86F-4691-9382-836986225D77}
	EndGlobalSection
EndGlobal
